
Microsoft Visual Studio Solution File, Format Version 12.00
# Visual Studio Version 16
VisualStudioVersion = 16.0.30309.148
MinimumVisualStudioVersion = 10.0.40219.1
Project("{FAE04EC0-301F-11D3-BF4B-00C04F79EFBC}") = "Microcredentials", "Microcredentials\Microcredentials.csproj", "{87B73A9F-FD2F-4E39-99F5-E6B3B00EBF12}"
EndProject
Project("{FAE04EC0-301F-11D3-BF4B-00C04F79EFBC}") = "Microcredentials.Data", "Microcredentials.Data\Microcredentials.Data.csproj", "{4B9E70C4-2679-43C4-B0B1-478A5327F72F}"
EndProject
Project("{FAE04EC0-301F-11D3-BF4B-00C04F79EFBC}") = "Microcredentials.Model", "Microcredentials.Model\Microcredentials.Model.csproj", "{69338DFA-D431-4A13-A301-5AAE25B54B92}"
EndProject
Project("{FAE04EC0-301F-11D3-BF4B-00C04F79EFBC}") = "Microcredentials.Business", "Microcredentials.Business\Microcredentials.Business.csproj", "{B974B4B7-BB42-4F6C-A6C2-1A9A73D53E64}"
EndProject
Project("{FAE04EC0-301F-11D3-BF4B-00C04F79EFBC}") = "Microcredentials.Test", "Microcredentials.Test\Microcredentials.Test.csproj", "{C4A343C6-A384-4647-A05C-04F6EC7B5834}"
EndProject
Global
	GlobalSection(SolutionConfigurationPlatforms) = preSolution
		Debug|Any CPU = Debug|Any CPU
		Release|Any CPU = Release|Any CPU
	EndGlobalSection
	GlobalSection(ProjectConfigurationPlatforms) = postSolution
		{87B73A9F-FD2F-4E39-99F5-E6B3B00EBF12}.Debug|Any CPU.ActiveCfg = Debug|Any CPU
		{87B73A9F-FD2F-4E39-99F5-E6B3B00EBF12}.Debug|Any CPU.Build.0 = Debug|Any CPU
		{87B73A9F-FD2F-4E39-99F5-E6B3B00EBF12}.Release|Any CPU.ActiveCfg = Release|Any CPU
		{87B73A9F-FD2F-4E39-99F5-E6B3B00EBF12}.Release|Any CPU.Build.0 = Release|Any CPU
		{4B9E70C4-2679-43C4-B0B1-478A5327F72F}.Debug|Any CPU.ActiveCfg = Debug|Any CPU
		{4B9E70C4-2679-43C4-B0B1-478A5327F72F}.Debug|Any CPU.Build.0 = Debug|Any CPU
		{4B9E70C4-2679-43C4-B0B1-478A5327F72F}.Release|Any CPU.ActiveCfg = Release|Any CPU
		{4B9E70C4-2679-43C4-B0B1-478A5327F72F}.Release|Any CPU.Build.0 = Release|Any CPU
		{69338DFA-D431-4A13-A301-5AAE25B54B92}.Debug|Any CPU.ActiveCfg = Debug|Any CPU
		{69338DFA-D431-4A13-A301-5AAE25B54B92}.Debug|Any CPU.Build.0 = Debug|Any CPU
		{69338DFA-D431-4A13-A301-5AAE25B54B92}.Release|Any CPU.ActiveCfg = Release|Any CPU
		{69338DFA-D431-4A13-A301-5AAE25B54B92}.Release|Any CPU.Build.0 = Release|Any CPU
		{B974B4B7-BB42-4F6C-A6C2-1A9A73D53E64}.Debug|Any CPU.ActiveCfg = Debug|Any CPU
		{B974B4B7-BB42-4F6C-A6C2-1A9A73D53E64}.Debug|Any CPU.Build.0 = Debug|Any CPU
		{B974B4B7-BB42-4F6C-A6C2-1A9A73D53E64}.Release|Any CPU.ActiveCfg = Release|Any CPU
		{B974B4B7-BB42-4F6C-A6C2-1A9A73D53E64}.Release|Any CPU.Build.0 = Release|Any CPU
		{C4A343C6-A384-4647-A05C-04F6EC7B5834}.Debug|Any CPU.ActiveCfg = Debug|Any CPU
		{C4A343C6-A384-4647-A05C-04F6EC7B5834}.Debug|Any CPU.Build.0 = Debug|Any CPU
		{C4A343C6-A384-4647-A05C-04F6EC7B5834}.Release|Any CPU.ActiveCfg = Release|Any CPU
		{C4A343C6-A384-4647-A05C-04F6EC7B5834}.Release|Any CPU.Build.0 = Release|Any CPU
	EndGlobalSection
	GlobalSection(SolutionProperties) = preSolution
		HideSolutionNode = FALSE
	EndGlobalSection
	GlobalSection(ExtensibilityGlobals) = postSolution
		SolutionGuid = {FDB1F8EF-FBBF-456A-A230-21010BE466CC}
	EndGlobalSection
EndGlobal
